
Microsoft Visual Studio Solution File, Format Version 12.00
# Visual Studio 15
Project("{FAE04EC0-301F-11D3-BF4B-00C04F79EFBC}") = "AlignmentOptions.Android", "AlignmentOptions.Android\AlignmentOptions.Android.csproj", "{2F83818D-7267-41C0-9EA3-DC607E5BCD6E}"
EndProject
Project("{FAE04EC0-301F-11D3-BF4B-00C04F79EFBC}") = "AlignmentOptions.iOS", "AlignmentOptions.iOS\AlignmentOptions.iOS.csproj", "{B021C17D-74A1-4A65-9A77-1E1B9C057E68}"
EndProject
Project("{FAE04EC0-301F-11D3-BF4B-00C04F79EFBC}") = "AlignmentOptions", "AlignmentOptions\AlignmentOptions.csproj", "{3BD17BF9-98A3-45BE-9B43-8914B341CB73}"
EndProject
Global
	GlobalSection(SolutionConfigurationPlatforms) = preSolution
		Debug|Any CPU = Debug|Any CPU
		Release|Any CPU = Release|Any CPU
		Debug|iPhoneSimulator = Debug|iPhoneSimulator
		Release|iPhoneSimulator = Release|iPhoneSimulator
		Debug|iPhone = Debug|iPhone
		Release|iPhone = Release|iPhone
	EndGlobalSection
	GlobalSection(ProjectConfigurationPlatforms) = postSolution
		{2F83818D-7267-41C0-9EA3-DC607E5BCD6E}.Debug|Any CPU.ActiveCfg = Debug|Any CPU
		{2F83818D-7267-41C0-9EA3-DC607E5BCD6E}.Debug|Any CPU.Build.0 = Debug|Any CPU
		{2F83818D-7267-41C0-9EA3-DC607E5BCD6E}.Release|Any CPU.ActiveCfg = Release|Any CPU
		{2F83818D-7267-41C0-9EA3-DC607E5BCD6E}.Release|Any CPU.Build.0 = Release|Any CPU
		{2F83818D-7267-41C0-9EA3-DC607E5BCD6E}.Debug|iPhoneSimulator.ActiveCfg = Debug|Any CPU
		{2F83818D-7267-41C0-9EA3-DC607E5BCD6E}.Debug|iPhoneSimulator.Build.0 = Debug|Any CPU
		{2F83818D-7267-41C0-9EA3-DC607E5BCD6E}.Release|iPhoneSimulator.ActiveCfg = Release|Any CPU
		{2F83818D-7267-41C0-9EA3-DC607E5BCD6E}.Release|iPhoneSimulator.Build.0 = Release|Any CPU
		{2F83818D-7267-41C0-9EA3-DC607E5BCD6E}.Debug|iPhone.ActiveCfg = Debug|Any CPU
		{2F83818D-7267-41C0-9EA3-DC607E5BCD6E}.Debug|iPhone.Build.0 = Debug|Any CPU
		{2F83818D-7267-41C0-9EA3-DC607E5BCD6E}.Release|iPhone.ActiveCfg = Release|Any CPU
		{2F83818D-7267-41C0-9EA3-DC607E5BCD6E}.Release|iPhone.Build.0 = Release|Any CPU
		{B021C17D-74A1-4A65-9A77-1E1B9C057E68}.Debug|Any CPU.ActiveCfg = Debug|iPhoneSimulator
		{B021C17D-74A1-4A65-9A77-1E1B9C057E68}.Debug|Any CPU.Build.0 = Debug|iPhoneSimulator
		{B021C17D-74A1-4A65-9A77-1E1B9C057E68}.Release|Any CPU.ActiveCfg = Release|iPhoneSimulator
		{B021C17D-74A1-4A65-9A77-1E1B9C057E68}.Release|Any CPU.Build.0 = Release|iPhoneSimulator
		{B021C17D-74A1-4A65-9A77-1E1B9C057E68}.Debug|iPhoneSimulator.ActiveCfg = Debug|iPhoneSimulator
		{B021C17D-74A1-4A65-9A77-1E1B9C057E68}.Debug|iPhoneSimulator.Build.0 = Debug|iPhoneSimulator
		{B021C17D-74A1-4A65-9A77-1E1B9C057E68}.Release|iPhoneSimulator.ActiveCfg = Release|iPhoneSimulator
		{B021C17D-74A1-4A65-9A77-1E1B9C057E68}.Release|iPhoneSimulator.Build.0 = Release|iPhoneSimulator
		{B021C17D-74A1-4A65-9A77-1E1B9C057E68}.Debug|iPhone.ActiveCfg = Debug|iPhone
		{B021C17D-74A1-4A65-9A77-1E1B9C057E68}.Debug|iPhone.Build.0 = Debug|iPhone
		{B021C17D-74A1-4A65-9A77-1E1B9C057E68}.Release|iPhone.ActiveCfg = Release|iPhone
		{B021C17D-74A1-4A65-9A77-1E1B9C057E68}.Release|iPhone.Build.0 = Release|iPhone
		{3BD17BF9-98A3-45BE-9B43-8914B341CB73}.Debug|Any CPU.ActiveCfg = Debug|Any CPU
		{3BD17BF9-98A3-45BE-9B43-8914B341CB73}.Debug|Any CPU.Build.0 = Debug|Any CPU
		{3BD17BF9-98A3-45BE-9B43-8914B341CB73}.Release|Any CPU.ActiveCfg = Release|Any CPU
		{3BD17BF9-98A3-45BE-9B43-8914B341CB73}.Release|Any CPU.Build.0 = Release|Any CPU
		{3BD17BF9-98A3-45BE-9B43-8914B341CB73}.Debug|iPhoneSimulator.ActiveCfg = Debug|Any CPU
		{3BD17BF9-98A3-45BE-9B43-8914B341CB73}.Debug|iPhoneSimulator.Build.0 = Debug|Any CPU
		{3BD17BF9-98A3-45BE-9B43-8914B341CB73}.Release|iPhoneSimulator.ActiveCfg = Release|Any CPU
		{3BD17BF9-98A3-45BE-9B43-8914B341CB73}.Release|iPhoneSimulator.Build.0 = Release|Any CPU
		{3BD17BF9-98A3-45BE-9B43-8914B341CB73}.Debug|iPhone.ActiveCfg = Debug|Any CPU
		{3BD17BF9-98A3-45BE-9B43-8914B341CB73}.Debug|iPhone.Build.0 = Debug|Any CPU
		{3BD17BF9-98A3-45BE-9B43-8914B341CB73}.Release|iPhone.ActiveCfg = Release|Any CPU
		{3BD17BF9-98A3-45BE-9B43-8914B341CB73}.Release|iPhone.Build.0 = Release|Any CPU
	EndGlobalSection
EndGlobal
