
Microsoft Visual Studio Solution File, Format Version 12.00
# Visual Studio 15
Project("{FAE04EC0-301F-11D3-BF4B-00C04F79EFBC}") = "Phoneword.Android", "Phoneword.Android\Phoneword.Android.csproj", "{54E76379-D2E1-4065-8998-BD62F25B9458}"
EndProject
Project("{FAE04EC0-301F-11D3-BF4B-00C04F79EFBC}") = "Phoneword.iOS", "Phoneword.iOS\Phoneword.iOS.csproj", "{FD4C2C27-69B5-452D-9E9D-ABA8A668C094}"
EndProject
Project("{FAE04EC0-301F-11D3-BF4B-00C04F79EFBC}") = "Phoneword", "Phoneword\Phoneword.csproj", "{C35BD25A-E451-4E7F-BA5A-230F051AC391}"
EndProject
Global
	GlobalSection(SolutionConfigurationPlatforms) = preSolution
		Debug|Any CPU = Debug|Any CPU
		Release|Any CPU = Release|Any CPU
		Debug|iPhoneSimulator = Debug|iPhoneSimulator
		Release|iPhoneSimulator = Release|iPhoneSimulator
		Debug|iPhone = Debug|iPhone
		Release|iPhone = Release|iPhone
	EndGlobalSection
	GlobalSection(ProjectConfigurationPlatforms) = postSolution
		{54E76379-D2E1-4065-8998-BD62F25B9458}.Debug|Any CPU.ActiveCfg = Debug|Any CPU
		{54E76379-D2E1-4065-8998-BD62F25B9458}.Debug|Any CPU.Build.0 = Debug|Any CPU
		{54E76379-D2E1-4065-8998-BD62F25B9458}.Release|Any CPU.ActiveCfg = Release|Any CPU
		{54E76379-D2E1-4065-8998-BD62F25B9458}.Release|Any CPU.Build.0 = Release|Any CPU
		{54E76379-D2E1-4065-8998-BD62F25B9458}.Debug|iPhoneSimulator.ActiveCfg = Debug|Any CPU
		{54E76379-D2E1-4065-8998-BD62F25B9458}.Debug|iPhoneSimulator.Build.0 = Debug|Any CPU
		{54E76379-D2E1-4065-8998-BD62F25B9458}.Release|iPhoneSimulator.ActiveCfg = Release|Any CPU
		{54E76379-D2E1-4065-8998-BD62F25B9458}.Release|iPhoneSimulator.Build.0 = Release|Any CPU
		{54E76379-D2E1-4065-8998-BD62F25B9458}.Debug|iPhone.ActiveCfg = Debug|Any CPU
		{54E76379-D2E1-4065-8998-BD62F25B9458}.Debug|iPhone.Build.0 = Debug|Any CPU
		{54E76379-D2E1-4065-8998-BD62F25B9458}.Release|iPhone.ActiveCfg = Release|Any CPU
		{54E76379-D2E1-4065-8998-BD62F25B9458}.Release|iPhone.Build.0 = Release|Any CPU
		{FD4C2C27-69B5-452D-9E9D-ABA8A668C094}.Debug|Any CPU.ActiveCfg = Debug|iPhoneSimulator
		{FD4C2C27-69B5-452D-9E9D-ABA8A668C094}.Debug|Any CPU.Build.0 = Debug|iPhoneSimulator
		{FD4C2C27-69B5-452D-9E9D-ABA8A668C094}.Release|Any CPU.ActiveCfg = Release|iPhoneSimulator
		{FD4C2C27-69B5-452D-9E9D-ABA8A668C094}.Release|Any CPU.Build.0 = Release|iPhoneSimulator
		{FD4C2C27-69B5-452D-9E9D-ABA8A668C094}.Debug|iPhoneSimulator.ActiveCfg = Debug|iPhoneSimulator
		{FD4C2C27-69B5-452D-9E9D-ABA8A668C094}.Debug|iPhoneSimulator.Build.0 = Debug|iPhoneSimulator
		{FD4C2C27-69B5-452D-9E9D-ABA8A668C094}.Release|iPhoneSimulator.ActiveCfg = Release|iPhoneSimulator
		{FD4C2C27-69B5-452D-9E9D-ABA8A668C094}.Release|iPhoneSimulator.Build.0 = Release|iPhoneSimulator
		{FD4C2C27-69B5-452D-9E9D-ABA8A668C094}.Debug|iPhone.ActiveCfg = Debug|iPhone
		{FD4C2C27-69B5-452D-9E9D-ABA8A668C094}.Debug|iPhone.Build.0 = Debug|iPhone
		{FD4C2C27-69B5-452D-9E9D-ABA8A668C094}.Release|iPhone.ActiveCfg = Release|iPhone
		{FD4C2C27-69B5-452D-9E9D-ABA8A668C094}.Release|iPhone.Build.0 = Release|iPhone
		{C35BD25A-E451-4E7F-BA5A-230F051AC391}.Debug|Any CPU.ActiveCfg = Debug|Any CPU
		{C35BD25A-E451-4E7F-BA5A-230F051AC391}.Debug|Any CPU.Build.0 = Debug|Any CPU
		{C35BD25A-E451-4E7F-BA5A-230F051AC391}.Release|Any CPU.ActiveCfg = Release|Any CPU
		{C35BD25A-E451-4E7F-BA5A-230F051AC391}.Release|Any CPU.Build.0 = Release|Any CPU
		{C35BD25A-E451-4E7F-BA5A-230F051AC391}.Debug|iPhoneSimulator.ActiveCfg = Debug|Any CPU
		{C35BD25A-E451-4E7F-BA5A-230F051AC391}.Debug|iPhoneSimulator.Build.0 = Debug|Any CPU
		{C35BD25A-E451-4E7F-BA5A-230F051AC391}.Release|iPhoneSimulator.ActiveCfg = Release|Any CPU
		{C35BD25A-E451-4E7F-BA5A-230F051AC391}.Release|iPhoneSimulator.Build.0 = Release|Any CPU
		{C35BD25A-E451-4E7F-BA5A-230F051AC391}.Debug|iPhone.ActiveCfg = Debug|Any CPU
		{C35BD25A-E451-4E7F-BA5A-230F051AC391}.Debug|iPhone.Build.0 = Debug|Any CPU
		{C35BD25A-E451-4E7F-BA5A-230F051AC391}.Release|iPhone.ActiveCfg = Release|Any CPU
		{C35BD25A-E451-4E7F-BA5A-230F051AC391}.Release|iPhone.Build.0 = Release|Any CPU
	EndGlobalSection
EndGlobal
