
Microsoft Visual Studio Solution File, Format Version 12.00
# Visual Studio 15
Project("{FAE04EC0-301F-11D3-BF4B-00C04F79EFBC}") = "TipCalculatoriOS", "TipCalculatoriOS\TipCalculatoriOS.csproj", "{AF3A1CF5-A69B-447A-8ED2-337369004BF5}"
EndProject
Global
	GlobalSection(SolutionConfigurationPlatforms) = preSolution
		Debug|iPhoneSimulator = Debug|iPhoneSimulator
		Release|iPhoneSimulator = Release|iPhoneSimulator
		Debug|iPhone = Debug|iPhone
		Release|iPhone = Release|iPhone
	EndGlobalSection
	GlobalSection(ProjectConfigurationPlatforms) = postSolution
		{AF3A1CF5-A69B-447A-8ED2-337369004BF5}.Debug|iPhoneSimulator.ActiveCfg = Debug|iPhoneSimulator
		{AF3A1CF5-A69B-447A-8ED2-337369004BF5}.Debug|iPhoneSimulator.Build.0 = Debug|iPhoneSimulator
		{AF3A1CF5-A69B-447A-8ED2-337369004BF5}.Release|iPhoneSimulator.ActiveCfg = Release|iPhoneSimulator
		{AF3A1CF5-A69B-447A-8ED2-337369004BF5}.Release|iPhoneSimulator.Build.0 = Release|iPhoneSimulator
		{AF3A1CF5-A69B-447A-8ED2-337369004BF5}.Debug|iPhone.ActiveCfg = Debug|iPhone
		{AF3A1CF5-A69B-447A-8ED2-337369004BF5}.Debug|iPhone.Build.0 = Debug|iPhone
		{AF3A1CF5-A69B-447A-8ED2-337369004BF5}.Release|iPhone.ActiveCfg = Release|iPhone
		{AF3A1CF5-A69B-447A-8ED2-337369004BF5}.Release|iPhone.Build.0 = Release|iPhone
	EndGlobalSection
EndGlobal
